// !$*UTF8*$!
{
	archiveVersion = 1;
	classes = {
	};
	objectVersion = 56;
	objects = {

/* Begin PBXBuildFile section */
		75111AD82A114814004441CB /* MultiPlatformTextField.swift in Sources */ = {isa = PBXBuildFile; fileRef = 75111AD72A114814004441CB /* MultiPlatformTextField.swift */; };
		75111ADA2A11547C004441CB /* MultiPlatformActionButton.swift in Sources */ = {isa = PBXBuildFile; fileRef = 75111AD92A11547C004441CB /* MultiPlatformActionButton.swift */; };
		75111ADC2A115663004441CB /* NumberTextField.swift in Sources */ = {isa = PBXBuildFile; fileRef = 75111ADB2A115663004441CB /* NumberTextField.swift */; };
		7513DE5829E8BC2300CB4468 /* MiscTestsForEdgeCases.swift in Sources */ = {isa = PBXBuildFile; fileRef = 7513DE5729E8BC2300CB4468 /* MiscTestsForEdgeCases.swift */; };
		7520632B2A2D3AAB00B27384 /* CodableGoal.swift in Sources */ = {isa = PBXBuildFile; fileRef = 7520632A2A2D3AAB00B27384 /* CodableGoal.swift */; };
		75296A0229E8C45F00C0A06C /* CustomViewTests.swift in Sources */ = {isa = PBXBuildFile; fileRef = 75296A0129E8C45F00C0A06C /* CustomViewTests.swift */; };
		754663242A0F694C003366FB /* GreenGlowingText.swift in Sources */ = {isa = PBXBuildFile; fileRef = 754663232A0F694C003366FB /* GreenGlowingText.swift */; };
		754663262A0F6A9A003366FB /* XCUIElement.swift in Sources */ = {isa = PBXBuildFile; fileRef = 754663252A0F6A9A003366FB /* XCUIElement.swift */; };
		7546B0CA29E67E4600524F3C /* StringTest.swift in Sources */ = {isa = PBXBuildFile; fileRef = 7546B0C929E67E4600524F3C /* StringTest.swift */; };
		7546B0D729E7389600524F3C /* SnapshotTesting in Frameworks */ = {isa = PBXBuildFile; productRef = 7546B0D629E7389600524F3C /* SnapshotTesting */; };
		7546B0D929E7395500524F3C /* EditViewTests.swift in Sources */ = {isa = PBXBuildFile; fileRef = 7546B0D829E7395500524F3C /* EditViewTests.swift */; };
		7546B0DB29E7401A00524F3C /* URLTests.swift in Sources */ = {isa = PBXBuildFile; fileRef = 7546B0DA29E7401A00524F3C /* URLTests.swift */; };
		7546B0DD29E7421900524F3C /* RadioButtonTests.swift in Sources */ = {isa = PBXBuildFile; fileRef = 7546B0DC29E7421900524F3C /* RadioButtonTests.swift */; };
		7566A75D2A0F3794001FEF0E /* NSManagedObjectContextTests.swift in Sources */ = {isa = PBXBuildFile; fileRef = 7566A75C2A0F3794001FEF0E /* NSManagedObjectContextTests.swift */; };
		7566A75F2A0F4FAA001FEF0E /* NSFetchRequest.swift in Sources */ = {isa = PBXBuildFile; fileRef = 7566A75E2A0F4FAA001FEF0E /* NSFetchRequest.swift */; };
		7596AC5229E64FF0003A68AA /* GoalViewTests.swift in Sources */ = {isa = PBXBuildFile; fileRef = 7596AC5129E64FF0003A68AA /* GoalViewTests.swift */; };
		75BC3D802A0F197300713D1B /* Image.swift in Sources */ = {isa = PBXBuildFile; fileRef = 75BC3D7F2A0F197300713D1B /* Image.swift */; };
		75C0B10229D7EEA900D886CA /* GoalWizardApp.swift in Sources */ = {isa = PBXBuildFile; fileRef = 75C0B10129D7EEA900D886CA /* GoalWizardApp.swift */; };
		75C0B10429D7EEA900D886CA /* GoalView.swift in Sources */ = {isa = PBXBuildFile; fileRef = 75C0B10329D7EEA900D886CA /* GoalView.swift */; };
		75C0B10629D7EEAA00D886CA /* Assets.xcassets in Resources */ = {isa = PBXBuildFile; fileRef = 75C0B10529D7EEAA00D886CA /* Assets.xcassets */; };
		75C0B10A29D7EEAA00D886CA /* Preview Assets.xcassets in Resources */ = {isa = PBXBuildFile; fileRef = 75C0B10929D7EEAA00D886CA /* Preview Assets.xcassets */; };
		75C0B11E29D7EEAA00D886CA /* GoalWizardUITests.swift in Sources */ = {isa = PBXBuildFile; fileRef = 75C0B11D29D7EEAA00D886CA /* GoalWizardUITests.swift */; };
		75C0B12029D7EEAA00D886CA /* GoalWizardUITestsLaunchTests.swift in Sources */ = {isa = PBXBuildFile; fileRef = 75C0B11F29D7EEAA00D886CA /* GoalWizardUITestsLaunchTests.swift */; };
		75C0B12D29D7F2CF00D886CA /* Goal.swift in Sources */ = {isa = PBXBuildFile; fileRef = 75C0B12C29D7F2CF00D886CA /* Goal.swift */; };
		75C0B12F29D7F79900D886CA /* GoalTests.swift in Sources */ = {isa = PBXBuildFile; fileRef = 75C0B12E29D7F79900D886CA /* GoalTests.swift */; };
		75C0B13429D8BACD00D886CA /* AddGoalView.swift in Sources */ = {isa = PBXBuildFile; fileRef = 75C0B13329D8BACD00D886CA /* AddGoalView.swift */; };
		75C0B13629D8BC1400D886CA /* SkeuomorphicButtonStyle.swift in Sources */ = {isa = PBXBuildFile; fileRef = 75C0B13529D8BC1400D886CA /* SkeuomorphicButtonStyle.swift */; };
		75C0B13A29D8BEE200D886CA /* Color.swift in Sources */ = {isa = PBXBuildFile; fileRef = 75C0B13929D8BEE200D886CA /* Color.swift */; };
		75C0B14029D9223400D886CA /* ProgressBar.swift in Sources */ = {isa = PBXBuildFile; fileRef = 75C0B13F29D9223400D886CA /* ProgressBar.swift */; };
		75C0B1EB29DA08E000D886CA /* DateFormatter.swift in Sources */ = {isa = PBXBuildFile; fileRef = 75C0B1EA29DA08E000D886CA /* DateFormatter.swift */; };
		75C0B1ED29DA197400D886CA /* EditGoalView.swift in Sources */ = {isa = PBXBuildFile; fileRef = 75C0B1EC29DA197400D886CA /* EditGoalView.swift */; };
		75C0B1F129DB947600D886CA /* Goal.xcdatamodeld in Sources */ = {isa = PBXBuildFile; fileRef = 75C0B1EF29DB947600D886CA /* Goal.xcdatamodeld */; };
		75C7676C2A0EEECA0071419D /* AddGoalViewTests.swift in Sources */ = {isa = PBXBuildFile; fileRef = 75C7676B2A0EEECA0071419D /* AddGoalViewTests.swift */; };
		75C8B7E029DBABC200493D9C /* NSPersistenceContainer.swift in Sources */ = {isa = PBXBuildFile; fileRef = 75C8B7DF29DBABC200493D9C /* NSPersistenceContainer.swift */; };
		75C8B7EB29DCF8A200493D9C /* Optional.swift in Sources */ = {isa = PBXBuildFile; fileRef = 75C8B7EA29DCF8A200493D9C /* Optional.swift */; };
		75C8B7EF29DCF8F700493D9C /* NSOrderedSet.swift in Sources */ = {isa = PBXBuildFile; fileRef = 75C8B7EE29DCF8F700493D9C /* NSOrderedSet.swift */; };
		75C8B7F129DCF96400493D9C /* NSManagedObjectContext.swift in Sources */ = {isa = PBXBuildFile; fileRef = 75C8B7F029DCF96400493D9C /* NSManagedObjectContext.swift */; };
		75C8B7F329DE91CF00493D9C /* Secrets.swift in Sources */ = {isa = PBXBuildFile; fileRef = 75C8B7F229DE91CF00493D9C /* Secrets.swift */; };
		75C8B7F529DE932B00493D9C /* URLRequest.swift in Sources */ = {isa = PBXBuildFile; fileRef = 75C8B7F429DE932B00493D9C /* URLRequest.swift */; };
		75C8B7F829DE942700493D9C /* Callable in Frameworks */ = {isa = PBXBuildFile; productRef = 75C8B7F729DE942700493D9C /* Callable */; };
		75C8B7FA29DEA54500493D9C /* String.swift in Sources */ = {isa = PBXBuildFile; fileRef = 75C8B7F929DEA54500493D9C /* String.swift */; };
		75C8B7FD29DF974400493D9C /* CommonExtensions in Frameworks */ = {isa = PBXBuildFile; productRef = 75C8B7FC29DF974400493D9C /* CommonExtensions */; };
		75C8B87729E3889900493D9C /* VersionBasedNavigationStack.swift in Sources */ = {isa = PBXBuildFile; fileRef = 75C8B87629E3889900493D9C /* VersionBasedNavigationStack.swift */; };
		75C8B87929E3D65E00493D9C /* TestSwiftuiViewController.swift in Sources */ = {isa = PBXBuildFile; fileRef = 75C8B87829E3D65E00493D9C /* TestSwiftuiViewController.swift */; };
		75C8B87D29E3F00300493D9C /* GoalView.Models.swift in Sources */ = {isa = PBXBuildFile; fileRef = 75C8B87C29E3F00300493D9C /* GoalView.Models.swift */; };
		75C8B87F29E3FBA900493D9C /* SubGoalMock.swift in Sources */ = {isa = PBXBuildFile; fileRef = 75C8B87E29E3FBA900493D9C /* SubGoalMock.swift */; };
		75C8B88129E3FBF400493D9C /* TestableHelpers.swift in Sources */ = {isa = PBXBuildFile; fileRef = 75C8B88029E3FBF400493D9C /* TestableHelpers.swift */; };
		75C8B88329E3FC0700493D9C /* Rightnow.swift in Sources */ = {isa = PBXBuildFile; fileRef = 75C8B88229E3FC0700493D9C /* Rightnow.swift */; };
		75C8B88529E4F18900493D9C /* GoalCell.swift in Sources */ = {isa = PBXBuildFile; fileRef = 75C8B88429E4F18900493D9C /* GoalCell.swift */; };
		75DE909029E7DE470089E35A /* ColorTests.swift in Sources */ = {isa = PBXBuildFile; fileRef = 75DE908F29E7DE470089E35A /* ColorTests.swift */; };
		75DE909229E7E1AC0089E35A /* DateFormatterTests.swift in Sources */ = {isa = PBXBuildFile; fileRef = 75DE909129E7E1AC0089E35A /* DateFormatterTests.swift */; };
		75DE909829E7E6230089E35A /* OptionalNSOrderedSetTests.swift in Sources */ = {isa = PBXBuildFile; fileRef = 75DE909729E7E6230089E35A /* OptionalNSOrderedSetTests.swift */; };
/* End PBXBuildFile section */

/* Begin PBXContainerItemProxy section */
		75C0B11029D7EEAA00D886CA /* PBXContainerItemProxy */ = {
			isa = PBXContainerItemProxy;
			containerPortal = 75C0B0F629D7EEA900D886CA /* Project object */;
			proxyType = 1;
			remoteGlobalIDString = 75C0B0FD29D7EEA900D886CA;
			remoteInfo = GoalWizard;
		};
		75C0B11A29D7EEAA00D886CA /* PBXContainerItemProxy */ = {
			isa = PBXContainerItemProxy;
			containerPortal = 75C0B0F629D7EEA900D886CA /* Project object */;
			proxyType = 1;
			remoteGlobalIDString = 75C0B0FD29D7EEA900D886CA;
			remoteInfo = GoalWizard;
		};
/* End PBXContainerItemProxy section */

/* Begin PBXFileReference section */
		75111AD72A114814004441CB /* MultiPlatformTextField.swift */ = {isa = PBXFileReference; lastKnownFileType = sourcecode.swift; path = MultiPlatformTextField.swift; sourceTree = "<group>"; };
		75111AD92A11547C004441CB /* MultiPlatformActionButton.swift */ = {isa = PBXFileReference; lastKnownFileType = sourcecode.swift; path = MultiPlatformActionButton.swift; sourceTree = "<group>"; };
		75111ADB2A115663004441CB /* NumberTextField.swift */ = {isa = PBXFileReference; lastKnownFileType = sourcecode.swift; path = NumberTextField.swift; sourceTree = "<group>"; };
		7513DE5729E8BC2300CB4468 /* MiscTestsForEdgeCases.swift */ = {isa = PBXFileReference; lastKnownFileType = sourcecode.swift; path = MiscTestsForEdgeCases.swift; sourceTree = "<group>"; };
		7520632A2A2D3AAB00B27384 /* CodableGoal.swift */ = {isa = PBXFileReference; lastKnownFileType = sourcecode.swift; path = CodableGoal.swift; sourceTree = "<group>"; };
		75296A0129E8C45F00C0A06C /* CustomViewTests.swift */ = {isa = PBXFileReference; lastKnownFileType = sourcecode.swift; path = CustomViewTests.swift; sourceTree = "<group>"; };
		754663232A0F694C003366FB /* GreenGlowingText.swift */ = {isa = PBXFileReference; lastKnownFileType = sourcecode.swift; path = GreenGlowingText.swift; sourceTree = "<group>"; };
		754663252A0F6A9A003366FB /* XCUIElement.swift */ = {isa = PBXFileReference; lastKnownFileType = sourcecode.swift; path = XCUIElement.swift; sourceTree = "<group>"; };
		7546B0C929E67E4600524F3C /* StringTest.swift */ = {isa = PBXFileReference; lastKnownFileType = sourcecode.swift; path = StringTest.swift; sourceTree = "<group>"; };
		7546B0D829E7395500524F3C /* EditViewTests.swift */ = {isa = PBXFileReference; lastKnownFileType = sourcecode.swift; path = EditViewTests.swift; sourceTree = "<group>"; };
		7546B0DA29E7401A00524F3C /* URLTests.swift */ = {isa = PBXFileReference; lastKnownFileType = sourcecode.swift; path = URLTests.swift; sourceTree = "<group>"; };
		7546B0DC29E7421900524F3C /* RadioButtonTests.swift */ = {isa = PBXFileReference; lastKnownFileType = sourcecode.swift; path = RadioButtonTests.swift; sourceTree = "<group>"; };
		7566A75C2A0F3794001FEF0E /* NSManagedObjectContextTests.swift */ = {isa = PBXFileReference; lastKnownFileType = sourcecode.swift; path = NSManagedObjectContextTests.swift; sourceTree = "<group>"; };
		7566A75E2A0F4FAA001FEF0E /* NSFetchRequest.swift */ = {isa = PBXFileReference; lastKnownFileType = sourcecode.swift; path = NSFetchRequest.swift; sourceTree = "<group>"; };
		7596AC5129E64FF0003A68AA /* GoalViewTests.swift */ = {isa = PBXFileReference; lastKnownFileType = sourcecode.swift; path = GoalViewTests.swift; sourceTree = "<group>"; };
		75BC3D7F2A0F197300713D1B /* Image.swift */ = {isa = PBXFileReference; lastKnownFileType = sourcecode.swift; path = Image.swift; sourceTree = "<group>"; };
		75C0B0FE29D7EEA900D886CA /* GoalWizard.app */ = {isa = PBXFileReference; explicitFileType = wrapper.application; includeInIndex = 0; path = GoalWizard.app; sourceTree = BUILT_PRODUCTS_DIR; };
		75C0B10129D7EEA900D886CA /* GoalWizardApp.swift */ = {isa = PBXFileReference; lastKnownFileType = sourcecode.swift; path = GoalWizardApp.swift; sourceTree = "<group>"; };
		75C0B10329D7EEA900D886CA /* GoalView.swift */ = {isa = PBXFileReference; lastKnownFileType = sourcecode.swift; path = GoalView.swift; sourceTree = "<group>"; };
		75C0B10529D7EEAA00D886CA /* Assets.xcassets */ = {isa = PBXFileReference; lastKnownFileType = folder.assetcatalog; path = Assets.xcassets; sourceTree = "<group>"; };
		75C0B10729D7EEAA00D886CA /* GoalWizard.entitlements */ = {isa = PBXFileReference; lastKnownFileType = text.plist.entitlements; path = GoalWizard.entitlements; sourceTree = "<group>"; };
		75C0B10929D7EEAA00D886CA /* Preview Assets.xcassets */ = {isa = PBXFileReference; lastKnownFileType = folder.assetcatalog; path = "Preview Assets.xcassets"; sourceTree = "<group>"; };
		75C0B10F29D7EEAA00D886CA /* GoalWizardTests.xctest */ = {isa = PBXFileReference; explicitFileType = wrapper.cfbundle; includeInIndex = 0; path = GoalWizardTests.xctest; sourceTree = BUILT_PRODUCTS_DIR; };
		75C0B11929D7EEAA00D886CA /* GoalWizardUITests.xctest */ = {isa = PBXFileReference; explicitFileType = wrapper.cfbundle; includeInIndex = 0; path = GoalWizardUITests.xctest; sourceTree = BUILT_PRODUCTS_DIR; };
		75C0B11D29D7EEAA00D886CA /* GoalWizardUITests.swift */ = {isa = PBXFileReference; lastKnownFileType = sourcecode.swift; path = GoalWizardUITests.swift; sourceTree = "<group>"; };
		75C0B11F29D7EEAA00D886CA /* GoalWizardUITestsLaunchTests.swift */ = {isa = PBXFileReference; lastKnownFileType = sourcecode.swift; path = GoalWizardUITestsLaunchTests.swift; sourceTree = "<group>"; };
		75C0B12C29D7F2CF00D886CA /* Goal.swift */ = {isa = PBXFileReference; lastKnownFileType = sourcecode.swift; path = Goal.swift; sourceTree = "<group>"; };
		75C0B12E29D7F79900D886CA /* GoalTests.swift */ = {isa = PBXFileReference; lastKnownFileType = sourcecode.swift; path = GoalTests.swift; sourceTree = "<group>"; };
		75C0B13329D8BACD00D886CA /* AddGoalView.swift */ = {isa = PBXFileReference; lastKnownFileType = sourcecode.swift; path = AddGoalView.swift; sourceTree = "<group>"; };
		75C0B13529D8BC1400D886CA /* SkeuomorphicButtonStyle.swift */ = {isa = PBXFileReference; lastKnownFileType = sourcecode.swift; path = SkeuomorphicButtonStyle.swift; sourceTree = "<group>"; };
		75C0B13929D8BEE200D886CA /* Color.swift */ = {isa = PBXFileReference; lastKnownFileType = sourcecode.swift; path = Color.swift; sourceTree = "<group>"; };
		75C0B13F29D9223400D886CA /* ProgressBar.swift */ = {isa = PBXFileReference; lastKnownFileType = sourcecode.swift; path = ProgressBar.swift; sourceTree = "<group>"; };
		75C0B1EA29DA08E000D886CA /* DateFormatter.swift */ = {isa = PBXFileReference; lastKnownFileType = sourcecode.swift; path = DateFormatter.swift; sourceTree = "<group>"; };
		75C0B1EC29DA197400D886CA /* EditGoalView.swift */ = {isa = PBXFileReference; lastKnownFileType = sourcecode.swift; path = EditGoalView.swift; sourceTree = "<group>"; };
		75C0B1F029DB947600D886CA /* Goal.xcdatamodel */ = {isa = PBXFileReference; lastKnownFileType = wrapper.xcdatamodel; path = Goal.xcdatamodel; sourceTree = "<group>"; };
		75C7676B2A0EEECA0071419D /* AddGoalViewTests.swift */ = {isa = PBXFileReference; lastKnownFileType = sourcecode.swift; path = AddGoalViewTests.swift; sourceTree = "<group>"; };
		75C8B7DF29DBABC200493D9C /* NSPersistenceContainer.swift */ = {isa = PBXFileReference; lastKnownFileType = sourcecode.swift; path = NSPersistenceContainer.swift; sourceTree = "<group>"; };
		75C8B7EA29DCF8A200493D9C /* Optional.swift */ = {isa = PBXFileReference; lastKnownFileType = sourcecode.swift; path = Optional.swift; sourceTree = "<group>"; };
		75C8B7EE29DCF8F700493D9C /* NSOrderedSet.swift */ = {isa = PBXFileReference; lastKnownFileType = sourcecode.swift; path = NSOrderedSet.swift; sourceTree = "<group>"; };
		75C8B7F029DCF96400493D9C /* NSManagedObjectContext.swift */ = {isa = PBXFileReference; lastKnownFileType = sourcecode.swift; path = NSManagedObjectContext.swift; sourceTree = "<group>"; };
		75C8B7F229DE91CF00493D9C /* Secrets.swift */ = {isa = PBXFileReference; lastKnownFileType = sourcecode.swift; path = Secrets.swift; sourceTree = "<group>"; };
		75C8B7F429DE932B00493D9C /* URLRequest.swift */ = {isa = PBXFileReference; lastKnownFileType = sourcecode.swift; path = URLRequest.swift; sourceTree = "<group>"; };
		75C8B7F929DEA54500493D9C /* String.swift */ = {isa = PBXFileReference; lastKnownFileType = sourcecode.swift; path = String.swift; sourceTree = "<group>"; };
		75C8B87629E3889900493D9C /* VersionBasedNavigationStack.swift */ = {isa = PBXFileReference; lastKnownFileType = sourcecode.swift; path = VersionBasedNavigationStack.swift; sourceTree = "<group>"; };
		75C8B87829E3D65E00493D9C /* TestSwiftuiViewController.swift */ = {isa = PBXFileReference; lastKnownFileType = sourcecode.swift; path = TestSwiftuiViewController.swift; sourceTree = "<group>"; };
		75C8B87C29E3F00300493D9C /* GoalView.Models.swift */ = {isa = PBXFileReference; lastKnownFileType = sourcecode.swift; path = GoalView.Models.swift; sourceTree = "<group>"; };
		75C8B87E29E3FBA900493D9C /* SubGoalMock.swift */ = {isa = PBXFileReference; lastKnownFileType = sourcecode.swift; path = SubGoalMock.swift; sourceTree = "<group>"; };
		75C8B88029E3FBF400493D9C /* TestableHelpers.swift */ = {isa = PBXFileReference; lastKnownFileType = sourcecode.swift; path = TestableHelpers.swift; sourceTree = "<group>"; };
		75C8B88229E3FC0700493D9C /* Rightnow.swift */ = {isa = PBXFileReference; lastKnownFileType = sourcecode.swift; path = Rightnow.swift; sourceTree = "<group>"; };
		75C8B88429E4F18900493D9C /* GoalCell.swift */ = {isa = PBXFileReference; lastKnownFileType = sourcecode.swift; path = GoalCell.swift; sourceTree = "<group>"; };
		75DBE5CE29EC8F5D00EEBB83 /* Info.plist */ = {isa = PBXFileReference; lastKnownFileType = text.plist; path = Info.plist; sourceTree = "<group>"; };
		75DE908F29E7DE470089E35A /* ColorTests.swift */ = {isa = PBXFileReference; lastKnownFileType = sourcecode.swift; path = ColorTests.swift; sourceTree = "<group>"; };
		75DE909129E7E1AC0089E35A /* DateFormatterTests.swift */ = {isa = PBXFileReference; lastKnownFileType = sourcecode.swift; path = DateFormatterTests.swift; sourceTree = "<group>"; };
		75DE909729E7E6230089E35A /* OptionalNSOrderedSetTests.swift */ = {isa = PBXFileReference; lastKnownFileType = sourcecode.swift; path = OptionalNSOrderedSetTests.swift; sourceTree = "<group>"; };
/* End PBXFileReference section */

/* Begin PBXFrameworksBuildPhase section */
		75C0B0FB29D7EEA900D886CA /* Frameworks */ = {
			isa = PBXFrameworksBuildPhase;
			buildActionMask = 2147483647;
			files = (
				75C8B7F829DE942700493D9C /* Callable in Frameworks */,
				75C8B7FD29DF974400493D9C /* CommonExtensions in Frameworks */,
			);
			runOnlyForDeploymentPostprocessing = 0;
		};
		75C0B10C29D7EEAA00D886CA /* Frameworks */ = {
			isa = PBXFrameworksBuildPhase;
			buildActionMask = 2147483647;
			files = (
				7546B0D729E7389600524F3C /* SnapshotTesting in Frameworks */,
			);
			runOnlyForDeploymentPostprocessing = 0;
		};
		75C0B11629D7EEAA00D886CA /* Frameworks */ = {
			isa = PBXFrameworksBuildPhase;
			buildActionMask = 2147483647;
			files = (
			);
			runOnlyForDeploymentPostprocessing = 0;
		};
/* End PBXFrameworksBuildPhase section */

/* Begin PBXGroup section */
		7520632C2A2D3AB300B27384 /* Migration */ = {
			isa = PBXGroup;
			children = (
				7520632A2A2D3AAB00B27384 /* CodableGoal.swift */,
			);
			path = Migration;
			sourceTree = "<group>";
		};
		75C0B0F529D7EEA900D886CA = {
			isa = PBXGroup;
			children = (
				75C0B1EF29DB947600D886CA /* Goal.xcdatamodeld */,
				75C0B10029D7EEA900D886CA /* GoalWizard */,
				75C0B11229D7EEAA00D886CA /* GoalWizardTests */,
				75C0B11C29D7EEAA00D886CA /* GoalWizardUITests */,
				75C0B0FF29D7EEA900D886CA /* Products */,
			);
			sourceTree = "<group>";
		};
		75C0B0FF29D7EEA900D886CA /* Products */ = {
			isa = PBXGroup;
			children = (
				75C0B0FE29D7EEA900D886CA /* GoalWizard.app */,
				75C0B10F29D7EEAA00D886CA /* GoalWizardTests.xctest */,
				75C0B11929D7EEAA00D886CA /* GoalWizardUITests.xctest */,
			);
			name = Products;
			sourceTree = "<group>";
		};
		75C0B10029D7EEA900D886CA /* GoalWizard */ = {
			isa = PBXGroup;
			children = (
				75DBE5CE29EC8F5D00EEBB83 /* Info.plist */,
				75C0B10129D7EEA900D886CA /* GoalWizardApp.swift */,
				75C0B12C29D7F2CF00D886CA /* Goal.swift */,
				7520632C2A2D3AB300B27384 /* Migration */,
				75C0B13E29D8C46F00D886CA /* FullWindowViews */,
				75C0B1EE29DA3E0400D886CA /* Views */,
				75C0B13D29D8C46500D886CA /* Utilities */,
				75C0B10529D7EEAA00D886CA /* Assets.xcassets */,
				75C0B10729D7EEAA00D886CA /* GoalWizard.entitlements */,
				75C0B10829D7EEAA00D886CA /* Preview Content */,
			);
			path = GoalWizard;
			sourceTree = "<group>";
		};
		75C0B10829D7EEAA00D886CA /* Preview Content */ = {
			isa = PBXGroup;
			children = (
				75C0B10929D7EEAA00D886CA /* Preview Assets.xcassets */,
			);
			path = "Preview Content";
			sourceTree = "<group>";
		};
		75C0B11229D7EEAA00D886CA /* GoalWizardTests */ = {
			isa = PBXGroup;
			children = (
				75296A0129E8C45F00C0A06C /* CustomViewTests.swift */,
				75C7676B2A0EEECA0071419D /* AddGoalViewTests.swift */,
				75C0B12E29D7F79900D886CA /* GoalTests.swift */,
				7596AC5129E64FF0003A68AA /* GoalViewTests.swift */,
				75C8B87E29E3FBA900493D9C /* SubGoalMock.swift */,
				75C8B88229E3FC0700493D9C /* Rightnow.swift */,
				75C8B87829E3D65E00493D9C /* TestSwiftuiViewController.swift */,
				7546B0C929E67E4600524F3C /* StringTest.swift */,
				7546B0D829E7395500524F3C /* EditViewTests.swift */,
				7546B0DA29E7401A00524F3C /* URLTests.swift */,
				7546B0DC29E7421900524F3C /* RadioButtonTests.swift */,
				75DE908F29E7DE470089E35A /* ColorTests.swift */,
				75DE909129E7E1AC0089E35A /* DateFormatterTests.swift */,
				75DE909729E7E6230089E35A /* OptionalNSOrderedSetTests.swift */,
				7513DE5729E8BC2300CB4468 /* MiscTestsForEdgeCases.swift */,
				7566A75C2A0F3794001FEF0E /* NSManagedObjectContextTests.swift */,
			);
			path = GoalWizardTests;
			sourceTree = "<group>";
		};
		75C0B11C29D7EEAA00D886CA /* GoalWizardUITests */ = {
			isa = PBXGroup;
			children = (
				75C0B11D29D7EEAA00D886CA /* GoalWizardUITests.swift */,
				754663252A0F6A9A003366FB /* XCUIElement.swift */,
				75C0B11F29D7EEAA00D886CA /* GoalWizardUITestsLaunchTests.swift */,
			);
			path = GoalWizardUITests;
			sourceTree = "<group>";
		};
		75C0B13D29D8C46500D886CA /* Utilities */ = {
			isa = PBXGroup;
			children = (
				75C8B87C29E3F00300493D9C /* GoalView.Models.swift */,
				75BC3D7F2A0F197300713D1B /* Image.swift */,
				75C0B13529D8BC1400D886CA /* SkeuomorphicButtonStyle.swift */,
				75C0B13929D8BEE200D886CA /* Color.swift */,
				75C0B1EA29DA08E000D886CA /* DateFormatter.swift */,
				75C8B7DF29DBABC200493D9C /* NSPersistenceContainer.swift */,
				7566A75E2A0F4FAA001FEF0E /* NSFetchRequest.swift */,
				75C8B7EA29DCF8A200493D9C /* Optional.swift */,
				75C8B7EE29DCF8F700493D9C /* NSOrderedSet.swift */,
				75C8B7F029DCF96400493D9C /* NSManagedObjectContext.swift */,
				75C8B7F229DE91CF00493D9C /* Secrets.swift */,
				75C8B88029E3FBF400493D9C /* TestableHelpers.swift */,
				75C8B7F429DE932B00493D9C /* URLRequest.swift */,
				75C8B7F929DEA54500493D9C /* String.swift */,
			);
			path = Utilities;
			sourceTree = "<group>";
		};
		75C0B13E29D8C46F00D886CA /* FullWindowViews */ = {
			isa = PBXGroup;
			children = (
				75C0B10329D7EEA900D886CA /* GoalView.swift */,
				75C8B88429E4F18900493D9C /* GoalCell.swift */,
				75C0B13329D8BACD00D886CA /* AddGoalView.swift */,
				75C0B1EC29DA197400D886CA /* EditGoalView.swift */,
			);
			path = FullWindowViews;
			sourceTree = "<group>";
		};
		75C0B1EE29DA3E0400D886CA /* Views */ = {
			isa = PBXGroup;
			children = (
				75111AD72A114814004441CB /* MultiPlatformTextField.swift */,
				75111AD92A11547C004441CB /* MultiPlatformActionButton.swift */,
				75111ADB2A115663004441CB /* NumberTextField.swift */,
				754663232A0F694C003366FB /* GreenGlowingText.swift */,
				75C0B13F29D9223400D886CA /* ProgressBar.swift */,
				75C8B87629E3889900493D9C /* VersionBasedNavigationStack.swift */,
			);
			path = Views;
			sourceTree = "<group>";
		};
/* End PBXGroup section */

/* Begin PBXNativeTarget section */
		75C0B0FD29D7EEA900D886CA /* GoalWizard */ = {
			isa = PBXNativeTarget;
			buildConfigurationList = 75C0B12329D7EEAA00D886CA /* Build configuration list for PBXNativeTarget "GoalWizard" */;
			buildPhases = (
				75C0B0FA29D7EEA900D886CA /* Sources */,
				75C0B0FB29D7EEA900D886CA /* Frameworks */,
				75C0B0FC29D7EEA900D886CA /* Resources */,
				75BC3D7E2A0F0BB900713D1B /* ShellScript */,
			);
			buildRules = (
			);
			dependencies = (
			);
			name = GoalWizard;
			packageProductDependencies = (
				75C8B7F729DE942700493D9C /* Callable */,
				75C8B7FC29DF974400493D9C /* CommonExtensions */,
			);
			productName = GoalWizard;
			productReference = 75C0B0FE29D7EEA900D886CA /* GoalWizard.app */;
			productType = "com.apple.product-type.application";
		};
		75C0B10E29D7EEAA00D886CA /* GoalWizardTests */ = {
			isa = PBXNativeTarget;
			buildConfigurationList = 75C0B12629D7EEAA00D886CA /* Build configuration list for PBXNativeTarget "GoalWizardTests" */;
			buildPhases = (
				75C0B10B29D7EEAA00D886CA /* Sources */,
				75C0B10C29D7EEAA00D886CA /* Frameworks */,
				75C0B10D29D7EEAA00D886CA /* Resources */,
			);
			buildRules = (
			);
			dependencies = (
				75C0B11129D7EEAA00D886CA /* PBXTargetDependency */,
			);
			name = GoalWizardTests;
			packageProductDependencies = (
				7546B0D629E7389600524F3C /* SnapshotTesting */,
			);
			productName = GoalWizardTests;
			productReference = 75C0B10F29D7EEAA00D886CA /* GoalWizardTests.xctest */;
			productType = "com.apple.product-type.bundle.unit-test";
		};
		75C0B11829D7EEAA00D886CA /* GoalWizardUITests */ = {
			isa = PBXNativeTarget;
			buildConfigurationList = 75C0B12929D7EEAA00D886CA /* Build configuration list for PBXNativeTarget "GoalWizardUITests" */;
			buildPhases = (
				75C0B11529D7EEAA00D886CA /* Sources */,
				75C0B11629D7EEAA00D886CA /* Frameworks */,
				75C0B11729D7EEAA00D886CA /* Resources */,
			);
			buildRules = (
			);
			dependencies = (
				75C0B11B29D7EEAA00D886CA /* PBXTargetDependency */,
			);
			name = GoalWizardUITests;
			productName = GoalWizardUITests;
			productReference = 75C0B11929D7EEAA00D886CA /* GoalWizardUITests.xctest */;
			productType = "com.apple.product-type.bundle.ui-testing";
		};
/* End PBXNativeTarget section */

/* Begin PBXProject section */
		75C0B0F629D7EEA900D886CA /* Project object */ = {
			isa = PBXProject;
			attributes = {
				BuildIndependentTargetsInParallel = 1;
				LastSwiftUpdateCheck = 1420;
				LastUpgradeCheck = 1430;
				TargetAttributes = {
					75C0B0FD29D7EEA900D886CA = {
						CreatedOnToolsVersion = 14.2;
					};
					75C0B10E29D7EEAA00D886CA = {
						CreatedOnToolsVersion = 14.2;
						TestTargetID = 75C0B0FD29D7EEA900D886CA;
					};
					75C0B11829D7EEAA00D886CA = {
						CreatedOnToolsVersion = 14.2;
						TestTargetID = 75C0B0FD29D7EEA900D886CA;
					};
				};
			};
			buildConfigurationList = 75C0B0F929D7EEA900D886CA /* Build configuration list for PBXProject "GoalWizard" */;
			compatibilityVersion = "Xcode 14.0";
			developmentRegion = en;
			hasScannedForEncodings = 0;
			knownRegions = (
				en,
				Base,
			);
			mainGroup = 75C0B0F529D7EEA900D886CA;
			packageReferences = (
				75C8B7F629DE942700493D9C /* XCRemoteSwiftPackageReference "Callable" */,
				75C8B7FB29DF974400493D9C /* XCRemoteSwiftPackageReference "CommonExtensions" */,
				7546B0D529E7389600524F3C /* XCRemoteSwiftPackageReference "swift-snapshot-testing" */,
			);
			productRefGroup = 75C0B0FF29D7EEA900D886CA /* Products */;
			projectDirPath = "";
			projectRoot = "";
			targets = (
				75C0B0FD29D7EEA900D886CA /* GoalWizard */,
				75C0B10E29D7EEAA00D886CA /* GoalWizardTests */,
				75C0B11829D7EEAA00D886CA /* GoalWizardUITests */,
			);
		};
/* End PBXProject section */

/* Begin PBXResourcesBuildPhase section */
		75C0B0FC29D7EEA900D886CA /* Resources */ = {
			isa = PBXResourcesBuildPhase;
			buildActionMask = 2147483647;
			files = (
				75C0B10A29D7EEAA00D886CA /* Preview Assets.xcassets in Resources */,
				75C0B10629D7EEAA00D886CA /* Assets.xcassets in Resources */,
			);
			runOnlyForDeploymentPostprocessing = 0;
		};
		75C0B10D29D7EEAA00D886CA /* Resources */ = {
			isa = PBXResourcesBuildPhase;
			buildActionMask = 2147483647;
			files = (
			);
			runOnlyForDeploymentPostprocessing = 0;
		};
		75C0B11729D7EEAA00D886CA /* Resources */ = {
			isa = PBXResourcesBuildPhase;
			buildActionMask = 2147483647;
			files = (
			);
			runOnlyForDeploymentPostprocessing = 0;
		};
/* End PBXResourcesBuildPhase section */

/* Begin PBXShellScriptBuildPhase section */
		75BC3D7E2A0F0BB900713D1B /* ShellScript */ = {
			isa = PBXShellScriptBuildPhase;
			alwaysOutOfDate = 1;
			buildActionMask = 2147483647;
			files = (
			);
			inputFileListPaths = (
			);
			inputPaths = (
			);
			outputFileListPaths = (
			);
			outputPaths = (
			);
			runOnlyForDeploymentPostprocessing = 0;
			shellPath = /bin/sh;
			shellScript = "if [ -f '/usr/local/bin/swiftlint' ]; then\n    /usr/local/bin/swiftlint\nelif [ -f '/opt/homebrew/bin/swiftlint' ]; then\n    /opt/homebrew/bin/swiftlint\nelse\n    echo \"warning: SwiftLint not installed, download from https://github.com/realm/SwiftLint\"\nfi\n";
		};
/* End PBXShellScriptBuildPhase section */

/* Begin PBXSourcesBuildPhase section */
		75C0B0FA29D7EEA900D886CA /* Sources */ = {
			isa = PBXSourcesBuildPhase;
			buildActionMask = 2147483647;
			files = (
				75C8B7FA29DEA54500493D9C /* String.swift in Sources */,
				75BC3D802A0F197300713D1B /* Image.swift in Sources */,
				75C8B7EF29DCF8F700493D9C /* NSOrderedSet.swift in Sources */,
				75C0B10429D7EEA900D886CA /* GoalView.swift in Sources */,
				75C8B7E029DBABC200493D9C /* NSPersistenceContainer.swift in Sources */,
				75C8B88529E4F18900493D9C /* GoalCell.swift in Sources */,
				75C0B1ED29DA197400D886CA /* EditGoalView.swift in Sources */,
				75C8B7F329DE91CF00493D9C /* Secrets.swift in Sources */,
				75C8B88129E3FBF400493D9C /* TestableHelpers.swift in Sources */,
				7566A75F2A0F4FAA001FEF0E /* NSFetchRequest.swift in Sources */,
				75C0B1F129DB947600D886CA /* Goal.xcdatamodeld in Sources */,
				75111ADC2A115663004441CB /* NumberTextField.swift in Sources */,
				75C8B7F129DCF96400493D9C /* NSManagedObjectContext.swift in Sources */,
				75C0B12D29D7F2CF00D886CA /* Goal.swift in Sources */,
				75C0B13629D8BC1400D886CA /* SkeuomorphicButtonStyle.swift in Sources */,
				75C0B1EB29DA08E000D886CA /* DateFormatter.swift in Sources */,
				75C0B10229D7EEA900D886CA /* GoalWizardApp.swift in Sources */,
				7520632B2A2D3AAB00B27384 /* CodableGoal.swift in Sources */,
				754663242A0F694C003366FB /* GreenGlowingText.swift in Sources */,
				75111AD82A114814004441CB /* MultiPlatformTextField.swift in Sources */,
				75C8B87729E3889900493D9C /* VersionBasedNavigationStack.swift in Sources */,
				75C0B13A29D8BEE200D886CA /* Color.swift in Sources */,
				75C8B7EB29DCF8A200493D9C /* Optional.swift in Sources */,
				75C8B7F529DE932B00493D9C /* URLRequest.swift in Sources */,
				75C0B14029D9223400D886CA /* ProgressBar.swift in Sources */,
				75C0B13429D8BACD00D886CA /* AddGoalView.swift in Sources */,
				75C8B87D29E3F00300493D9C /* GoalView.Models.swift in Sources */,
				75111ADA2A11547C004441CB /* MultiPlatformActionButton.swift in Sources */,
			);
			runOnlyForDeploymentPostprocessing = 0;
		};
		75C0B10B29D7EEAA00D886CA /* Sources */ = {
			isa = PBXSourcesBuildPhase;
			buildActionMask = 2147483647;
			files = (
				75DE909029E7DE470089E35A /* ColorTests.swift in Sources */,
				75C8B88329E3FC0700493D9C /* Rightnow.swift in Sources */,
				75C8B87929E3D65E00493D9C /* TestSwiftuiViewController.swift in Sources */,
				7546B0D929E7395500524F3C /* EditViewTests.swift in Sources */,
				75C7676C2A0EEECA0071419D /* AddGoalViewTests.swift in Sources */,
				75DE909229E7E1AC0089E35A /* DateFormatterTests.swift in Sources */,
				75DE909829E7E6230089E35A /* OptionalNSOrderedSetTests.swift in Sources */,
				75C0B12F29D7F79900D886CA /* GoalTests.swift in Sources */,
				7546B0CA29E67E4600524F3C /* StringTest.swift in Sources */,
				75296A0229E8C45F00C0A06C /* CustomViewTests.swift in Sources */,
				7546B0DD29E7421900524F3C /* RadioButtonTests.swift in Sources */,
				7566A75D2A0F3794001FEF0E /* NSManagedObjectContextTests.swift in Sources */,
				7513DE5829E8BC2300CB4468 /* MiscTestsForEdgeCases.swift in Sources */,
				75C8B87F29E3FBA900493D9C /* SubGoalMock.swift in Sources */,
				7546B0DB29E7401A00524F3C /* URLTests.swift in Sources */,
				7596AC5229E64FF0003A68AA /* GoalViewTests.swift in Sources */,
			);
			runOnlyForDeploymentPostprocessing = 0;
		};
		75C0B11529D7EEAA00D886CA /* Sources */ = {
			isa = PBXSourcesBuildPhase;
			buildActionMask = 2147483647;
			files = (
				75C0B12029D7EEAA00D886CA /* GoalWizardUITestsLaunchTests.swift in Sources */,
				754663262A0F6A9A003366FB /* XCUIElement.swift in Sources */,
				75C0B11E29D7EEAA00D886CA /* GoalWizardUITests.swift in Sources */,
			);
			runOnlyForDeploymentPostprocessing = 0;
		};
/* End PBXSourcesBuildPhase section */

/* Begin PBXTargetDependency section */
		75C0B11129D7EEAA00D886CA /* PBXTargetDependency */ = {
			isa = PBXTargetDependency;
			target = 75C0B0FD29D7EEA900D886CA /* GoalWizard */;
			targetProxy = 75C0B11029D7EEAA00D886CA /* PBXContainerItemProxy */;
		};
		75C0B11B29D7EEAA00D886CA /* PBXTargetDependency */ = {
			isa = PBXTargetDependency;
			target = 75C0B0FD29D7EEA900D886CA /* GoalWizard */;
			targetProxy = 75C0B11A29D7EEAA00D886CA /* PBXContainerItemProxy */;
		};
/* End PBXTargetDependency section */

/* Begin XCBuildConfiguration section */
		75C0B12129D7EEAA00D886CA /* Debug */ = {
			isa = XCBuildConfiguration;
			buildSettings = {
				ALWAYS_SEARCH_USER_PATHS = NO;
				CLANG_ANALYZER_NONNULL = YES;
				CLANG_ANALYZER_NUMBER_OBJECT_CONVERSION = YES_AGGRESSIVE;
				CLANG_CXX_LANGUAGE_STANDARD = "gnu++20";
				CLANG_ENABLE_MODULES = YES;
				CLANG_ENABLE_OBJC_ARC = YES;
				CLANG_ENABLE_OBJC_WEAK = YES;
				CLANG_WARN_BLOCK_CAPTURE_AUTORELEASING = YES;
				CLANG_WARN_BOOL_CONVERSION = YES;
				CLANG_WARN_COMMA = YES;
				CLANG_WARN_CONSTANT_CONVERSION = YES;
				CLANG_WARN_DEPRECATED_OBJC_IMPLEMENTATIONS = YES;
				CLANG_WARN_DIRECT_OBJC_ISA_USAGE = YES_ERROR;
				CLANG_WARN_DOCUMENTATION_COMMENTS = YES;
				CLANG_WARN_EMPTY_BODY = YES;
				CLANG_WARN_ENUM_CONVERSION = YES;
				CLANG_WARN_INFINITE_RECURSION = YES;
				CLANG_WARN_INT_CONVERSION = YES;
				CLANG_WARN_NON_LITERAL_NULL_CONVERSION = YES;
				CLANG_WARN_OBJC_IMPLICIT_RETAIN_SELF = YES;
				CLANG_WARN_OBJC_LITERAL_CONVERSION = YES;
				CLANG_WARN_OBJC_ROOT_CLASS = YES_ERROR;
				CLANG_WARN_QUOTED_INCLUDE_IN_FRAMEWORK_HEADER = YES;
				CLANG_WARN_RANGE_LOOP_ANALYSIS = YES;
				CLANG_WARN_STRICT_PROTOTYPES = YES;
				CLANG_WARN_SUSPICIOUS_MOVE = YES;
				CLANG_WARN_UNGUARDED_AVAILABILITY = YES_AGGRESSIVE;
				CLANG_WARN_UNREACHABLE_CODE = YES;
				CLANG_WARN__DUPLICATE_METHOD_MATCH = YES;
				COPY_PHASE_STRIP = NO;
				DEAD_CODE_STRIPPING = YES;
				DEBUG_INFORMATION_FORMAT = dwarf;
				ENABLE_STRICT_OBJC_MSGSEND = YES;
				ENABLE_TESTABILITY = YES;
				GCC_C_LANGUAGE_STANDARD = gnu11;
				GCC_DYNAMIC_NO_PIC = NO;
				GCC_NO_COMMON_BLOCKS = YES;
				GCC_OPTIMIZATION_LEVEL = 0;
				GCC_PREPROCESSOR_DEFINITIONS = (
					"DEBUG=1",
					"$(inherited)",
				);
				GCC_WARN_64_TO_32_BIT_CONVERSION = YES;
				GCC_WARN_ABOUT_RETURN_TYPE = YES_ERROR;
				GCC_WARN_UNDECLARED_SELECTOR = YES;
				GCC_WARN_UNINITIALIZED_AUTOS = YES_AGGRESSIVE;
				GCC_WARN_UNUSED_FUNCTION = YES;
				GCC_WARN_UNUSED_VARIABLE = YES;
				MTL_ENABLE_DEBUG_INFO = INCLUDE_SOURCE;
				MTL_FAST_MATH = YES;
				ONLY_ACTIVE_ARCH = YES;
				SWIFT_ACTIVE_COMPILATION_CONDITIONS = DEBUG;
				SWIFT_OPTIMIZATION_LEVEL = "-Onone";
			};
			name = Debug;
		};
		75C0B12229D7EEAA00D886CA /* Release */ = {
			isa = XCBuildConfiguration;
			buildSettings = {
				ALWAYS_SEARCH_USER_PATHS = NO;
				CLANG_ANALYZER_NONNULL = YES;
				CLANG_ANALYZER_NUMBER_OBJECT_CONVERSION = YES_AGGRESSIVE;
				CLANG_CXX_LANGUAGE_STANDARD = "gnu++20";
				CLANG_ENABLE_MODULES = YES;
				CLANG_ENABLE_OBJC_ARC = YES;
				CLANG_ENABLE_OBJC_WEAK = YES;
				CLANG_WARN_BLOCK_CAPTURE_AUTORELEASING = YES;
				CLANG_WARN_BOOL_CONVERSION = YES;
				CLANG_WARN_COMMA = YES;
				CLANG_WARN_CONSTANT_CONVERSION = YES;
				CLANG_WARN_DEPRECATED_OBJC_IMPLEMENTATIONS = YES;
				CLANG_WARN_DIRECT_OBJC_ISA_USAGE = YES_ERROR;
				CLANG_WARN_DOCUMENTATION_COMMENTS = YES;
				CLANG_WARN_EMPTY_BODY = YES;
				CLANG_WARN_ENUM_CONVERSION = YES;
				CLANG_WARN_INFINITE_RECURSION = YES;
				CLANG_WARN_INT_CONVERSION = YES;
				CLANG_WARN_NON_LITERAL_NULL_CONVERSION = YES;
				CLANG_WARN_OBJC_IMPLICIT_RETAIN_SELF = YES;
				CLANG_WARN_OBJC_LITERAL_CONVERSION = YES;
				CLANG_WARN_OBJC_ROOT_CLASS = YES_ERROR;
				CLANG_WARN_QUOTED_INCLUDE_IN_FRAMEWORK_HEADER = YES;
				CLANG_WARN_RANGE_LOOP_ANALYSIS = YES;
				CLANG_WARN_STRICT_PROTOTYPES = YES;
				CLANG_WARN_SUSPICIOUS_MOVE = YES;
				CLANG_WARN_UNGUARDED_AVAILABILITY = YES_AGGRESSIVE;
				CLANG_WARN_UNREACHABLE_CODE = YES;
				CLANG_WARN__DUPLICATE_METHOD_MATCH = YES;
				COPY_PHASE_STRIP = NO;
				DEAD_CODE_STRIPPING = YES;
				DEBUG_INFORMATION_FORMAT = "dwarf-with-dsym";
				ENABLE_NS_ASSERTIONS = NO;
				ENABLE_STRICT_OBJC_MSGSEND = YES;
				GCC_C_LANGUAGE_STANDARD = gnu11;
				GCC_NO_COMMON_BLOCKS = YES;
				GCC_WARN_64_TO_32_BIT_CONVERSION = YES;
				GCC_WARN_ABOUT_RETURN_TYPE = YES_ERROR;
				GCC_WARN_UNDECLARED_SELECTOR = YES;
				GCC_WARN_UNINITIALIZED_AUTOS = YES_AGGRESSIVE;
				GCC_WARN_UNUSED_FUNCTION = YES;
				GCC_WARN_UNUSED_VARIABLE = YES;
				MTL_ENABLE_DEBUG_INFO = NO;
				MTL_FAST_MATH = YES;
				SWIFT_COMPILATION_MODE = wholemodule;
				SWIFT_OPTIMIZATION_LEVEL = "-O";
			};
			name = Release;
		};
		75C0B12429D7EEAA00D886CA /* Debug */ = {
			isa = XCBuildConfiguration;
			buildSettings = {
				ASSETCATALOG_COMPILER_APPICON_NAME = AppIcon;
				ASSETCATALOG_COMPILER_GLOBAL_ACCENT_COLOR_NAME = AccentColor;
				ASSETCATALOG_COMPILER_INCLUDE_ALL_APPICON_ASSETS = YES;
				CODE_SIGN_ENTITLEMENTS = GoalWizard/GoalWizard.entitlements;
				CODE_SIGN_STYLE = Automatic;
				CURRENT_PROJECT_VERSION = 1;
				DEAD_CODE_STRIPPING = YES;
				DEVELOPMENT_ASSET_PATHS = "\"GoalWizard/Preview Content\"";
				DEVELOPMENT_TEAM = 8L7Z3WU967;
				ENABLE_HARDENED_RUNTIME = YES;
				ENABLE_PREVIEWS = YES;
				GENERATE_INFOPLIST_FILE = YES;
				INFOPLIST_FILE = GoalWizard/Info.plist;
				INFOPLIST_KEY_LSApplicationCategoryType = "public.app-category.productivity";
				"INFOPLIST_KEY_UIApplicationSceneManifest_Generation[sdk=iphoneos*]" = YES;
				"INFOPLIST_KEY_UIApplicationSceneManifest_Generation[sdk=iphonesimulator*]" = YES;
				"INFOPLIST_KEY_UIApplicationSupportsIndirectInputEvents[sdk=iphoneos*]" = YES;
				"INFOPLIST_KEY_UIApplicationSupportsIndirectInputEvents[sdk=iphonesimulator*]" = YES;
				"INFOPLIST_KEY_UILaunchScreen_Generation[sdk=iphoneos*]" = YES;
				"INFOPLIST_KEY_UILaunchScreen_Generation[sdk=iphonesimulator*]" = YES;
				"INFOPLIST_KEY_UIStatusBarStyle[sdk=iphoneos*]" = UIStatusBarStyleDefault;
				"INFOPLIST_KEY_UIStatusBarStyle[sdk=iphonesimulator*]" = UIStatusBarStyleDefault;
				INFOPLIST_KEY_UISupportedInterfaceOrientations_iPad = "UIInterfaceOrientationPortrait UIInterfaceOrientationPortraitUpsideDown UIInterfaceOrientationLandscapeLeft UIInterfaceOrientationLandscapeRight";
				INFOPLIST_KEY_UISupportedInterfaceOrientations_iPhone = "UIInterfaceOrientationPortrait UIInterfaceOrientationLandscapeLeft UIInterfaceOrientationLandscapeRight";
				IPHONEOS_DEPLOYMENT_TARGET = 16.2;
				LD_RUNPATH_SEARCH_PATHS = "@executable_path/Frameworks";
				"LD_RUNPATH_SEARCH_PATHS[sdk=macosx*]" = "@executable_path/../Frameworks";
				MACOSX_DEPLOYMENT_TARGET = 13.3;
				MARKETING_VERSION = 1.0.3;
				PRODUCT_BUNDLE_IDENTIFIER = com.scottlydon.GoalWizard;
				PRODUCT_NAME = "$(TARGET_NAME)";
				SDKROOT = auto;
				SUPPORTED_PLATFORMS = "iphoneos iphonesimulator macosx";
				SWIFT_EMIT_LOC_STRINGS = YES;
				SWIFT_VERSION = 5.0;
				TARGETED_DEVICE_FAMILY = "1,2";
			};
			name = Debug;
		};
		75C0B12529D7EEAA00D886CA /* Release */ = {
			isa = XCBuildConfiguration;
			buildSettings = {
				ASSETCATALOG_COMPILER_APPICON_NAME = AppIcon;
				ASSETCATALOG_COMPILER_GLOBAL_ACCENT_COLOR_NAME = AccentColor;
				ASSETCATALOG_COMPILER_INCLUDE_ALL_APPICON_ASSETS = YES;
				CODE_SIGN_ENTITLEMENTS = GoalWizard/GoalWizard.entitlements;
				CODE_SIGN_STYLE = Automatic;
				CURRENT_PROJECT_VERSION = 1;
				DEAD_CODE_STRIPPING = YES;
				DEVELOPMENT_ASSET_PATHS = "\"GoalWizard/Preview Content\"";
				DEVELOPMENT_TEAM = 8L7Z3WU967;
				ENABLE_HARDENED_RUNTIME = YES;
				ENABLE_PREVIEWS = YES;
				GENERATE_INFOPLIST_FILE = YES;
				INFOPLIST_FILE = GoalWizard/Info.plist;
				INFOPLIST_KEY_LSApplicationCategoryType = "public.app-category.productivity";
				"INFOPLIST_KEY_UIApplicationSceneManifest_Generation[sdk=iphoneos*]" = YES;
				"INFOPLIST_KEY_UIApplicationSceneManifest_Generation[sdk=iphonesimulator*]" = YES;
				"INFOPLIST_KEY_UIApplicationSupportsIndirectInputEvents[sdk=iphoneos*]" = YES;
				"INFOPLIST_KEY_UIApplicationSupportsIndirectInputEvents[sdk=iphonesimulator*]" = YES;
				"INFOPLIST_KEY_UILaunchScreen_Generation[sdk=iphoneos*]" = YES;
				"INFOPLIST_KEY_UILaunchScreen_Generation[sdk=iphonesimulator*]" = YES;
				"INFOPLIST_KEY_UIStatusBarStyle[sdk=iphoneos*]" = UIStatusBarStyleDefault;
				"INFOPLIST_KEY_UIStatusBarStyle[sdk=iphonesimulator*]" = UIStatusBarStyleDefault;
				INFOPLIST_KEY_UISupportedInterfaceOrientations_iPad = "UIInterfaceOrientationPortrait UIInterfaceOrientationPortraitUpsideDown UIInterfaceOrientationLandscapeLeft UIInterfaceOrientationLandscapeRight";
				INFOPLIST_KEY_UISupportedInterfaceOrientations_iPhone = "UIInterfaceOrientationPortrait UIInterfaceOrientationLandscapeLeft UIInterfaceOrientationLandscapeRight";
				IPHONEOS_DEPLOYMENT_TARGET = 16.2;
				LD_RUNPATH_SEARCH_PATHS = "@executable_path/Frameworks";
				"LD_RUNPATH_SEARCH_PATHS[sdk=macosx*]" = "@executable_path/../Frameworks";
				MACOSX_DEPLOYMENT_TARGET = 13.3;
				MARKETING_VERSION = 1.0.3;
				PRODUCT_BUNDLE_IDENTIFIER = com.scottlydon.GoalWizard;
				PRODUCT_NAME = "$(TARGET_NAME)";
				SDKROOT = auto;
				SUPPORTED_PLATFORMS = "iphoneos iphonesimulator macosx";
				SWIFT_EMIT_LOC_STRINGS = YES;
				SWIFT_VERSION = 5.0;
				TARGETED_DEVICE_FAMILY = "1,2";
			};
			name = Release;
		};
		75C0B12729D7EEAA00D886CA /* Debug */ = {
			isa = XCBuildConfiguration;
			buildSettings = {
				ALWAYS_EMBED_SWIFT_STANDARD_LIBRARIES = YES;
				BUNDLE_LOADER = "$(TEST_HOST)";
				CODE_SIGN_STYLE = Automatic;
				CURRENT_PROJECT_VERSION = 1;
				DEAD_CODE_STRIPPING = YES;
				DEVELOPMENT_TEAM = 8L7Z3WU967;
				GENERATE_INFOPLIST_FILE = YES;
				IPHONEOS_DEPLOYMENT_TARGET = 16.2;
				MACOSX_DEPLOYMENT_TARGET = 12.6;
				MARKETING_VERSION = 1.0;
				PRODUCT_BUNDLE_IDENTIFIER = com.scottlydon.GoalWizardTests;
				PRODUCT_NAME = "$(TARGET_NAME)";
				SDKROOT = auto;
				SUPPORTED_PLATFORMS = "iphoneos iphonesimulator macosx";
				SWIFT_EMIT_LOC_STRINGS = NO;
				SWIFT_VERSION = 5.0;
				TARGETED_DEVICE_FAMILY = "1,2";
				TEST_HOST = "$(BUILT_PRODUCTS_DIR)/GoalWizard.app/$(BUNDLE_EXECUTABLE_FOLDER_PATH)/GoalWizard";
			};
			name = Debug;
		};
		75C0B12829D7EEAA00D886CA /* Release */ = {
			isa = XCBuildConfiguration;
			buildSettings = {
				ALWAYS_EMBED_SWIFT_STANDARD_LIBRARIES = YES;
				BUNDLE_LOADER = "$(TEST_HOST)";
				CODE_SIGN_STYLE = Automatic;
				CURRENT_PROJECT_VERSION = 1;
				DEAD_CODE_STRIPPING = YES;
				DEVELOPMENT_TEAM = 8L7Z3WU967;
				GENERATE_INFOPLIST_FILE = YES;
				IPHONEOS_DEPLOYMENT_TARGET = 16.2;
				MACOSX_DEPLOYMENT_TARGET = 12.6;
				MARKETING_VERSION = 1.0;
				PRODUCT_BUNDLE_IDENTIFIER = com.scottlydon.GoalWizardTests;
				PRODUCT_NAME = "$(TARGET_NAME)";
				SDKROOT = auto;
				SUPPORTED_PLATFORMS = "iphoneos iphonesimulator macosx";
				SWIFT_EMIT_LOC_STRINGS = NO;
				SWIFT_VERSION = 5.0;
				TARGETED_DEVICE_FAMILY = "1,2";
				TEST_HOST = "$(BUILT_PRODUCTS_DIR)/GoalWizard.app/$(BUNDLE_EXECUTABLE_FOLDER_PATH)/GoalWizard";
			};
			name = Release;
		};
		75C0B12A29D7EEAA00D886CA /* Debug */ = {
			isa = XCBuildConfiguration;
			buildSettings = {
				ALWAYS_EMBED_SWIFT_STANDARD_LIBRARIES = YES;
				CODE_SIGN_STYLE = Automatic;
				CURRENT_PROJECT_VERSION = 1;
				DEAD_CODE_STRIPPING = YES;
				DEVELOPMENT_TEAM = 8L7Z3WU967;
				GENERATE_INFOPLIST_FILE = YES;
				IPHONEOS_DEPLOYMENT_TARGET = 16.2;
				MACOSX_DEPLOYMENT_TARGET = 12.6;
				MARKETING_VERSION = 1.0;
				PRODUCT_BUNDLE_IDENTIFIER = com.scottlydon.GoalWizardUITests;
				PRODUCT_NAME = "$(TARGET_NAME)";
				SDKROOT = auto;
				SUPPORTED_PLATFORMS = "iphoneos iphonesimulator macosx";
				SWIFT_EMIT_LOC_STRINGS = NO;
				SWIFT_VERSION = 5.0;
				TARGETED_DEVICE_FAMILY = "1,2";
				TEST_TARGET_NAME = GoalWizard;
			};
			name = Debug;
		};
		75C0B12B29D7EEAA00D886CA /* Release */ = {
			isa = XCBuildConfiguration;
			buildSettings = {
				ALWAYS_EMBED_SWIFT_STANDARD_LIBRARIES = YES;
				CODE_SIGN_STYLE = Automatic;
				CURRENT_PROJECT_VERSION = 1;
				DEAD_CODE_STRIPPING = YES;
				DEVELOPMENT_TEAM = 8L7Z3WU967;
				GENERATE_INFOPLIST_FILE = YES;
				IPHONEOS_DEPLOYMENT_TARGET = 16.2;
				MACOSX_DEPLOYMENT_TARGET = 12.6;
				MARKETING_VERSION = 1.0;
				PRODUCT_BUNDLE_IDENTIFIER = com.scottlydon.GoalWizardUITests;
				PRODUCT_NAME = "$(TARGET_NAME)";
				SDKROOT = auto;
				SUPPORTED_PLATFORMS = "iphoneos iphonesimulator macosx";
				SWIFT_EMIT_LOC_STRINGS = NO;
				SWIFT_VERSION = 5.0;
				TARGETED_DEVICE_FAMILY = "1,2";
				TEST_TARGET_NAME = GoalWizard;
			};
			name = Release;
		};
/* End XCBuildConfiguration section */

/* Begin XCConfigurationList section */
		75C0B0F929D7EEA900D886CA /* Build configuration list for PBXProject "GoalWizard" */ = {
			isa = XCConfigurationList;
			buildConfigurations = (
				75C0B12129D7EEAA00D886CA /* Debug */,
				75C0B12229D7EEAA00D886CA /* Release */,
			);
			defaultConfigurationIsVisible = 0;
			defaultConfigurationName = Release;
		};
		75C0B12329D7EEAA00D886CA /* Build configuration list for PBXNativeTarget "GoalWizard" */ = {
			isa = XCConfigurationList;
			buildConfigurations = (
				75C0B12429D7EEAA00D886CA /* Debug */,
				75C0B12529D7EEAA00D886CA /* Release */,
			);
			defaultConfigurationIsVisible = 0;
			defaultConfigurationName = Release;
		};
		75C0B12629D7EEAA00D886CA /* Build configuration list for PBXNativeTarget "GoalWizardTests" */ = {
			isa = XCConfigurationList;
			buildConfigurations = (
				75C0B12729D7EEAA00D886CA /* Debug */,
				75C0B12829D7EEAA00D886CA /* Release */,
			);
			defaultConfigurationIsVisible = 0;
			defaultConfigurationName = Release;
		};
		75C0B12929D7EEAA00D886CA /* Build configuration list for PBXNativeTarget "GoalWizardUITests" */ = {
			isa = XCConfigurationList;
			buildConfigurations = (
				75C0B12A29D7EEAA00D886CA /* Debug */,
				75C0B12B29D7EEAA00D886CA /* Release */,
			);
			defaultConfigurationIsVisible = 0;
			defaultConfigurationName = Release;
		};
/* End XCConfigurationList section */

/* Begin XCRemoteSwiftPackageReference section */
		7546B0D529E7389600524F3C /* XCRemoteSwiftPackageReference "swift-snapshot-testing" */ = {
			isa = XCRemoteSwiftPackageReference;
			repositoryURL = "https://github.com/pointfreeco/swift-snapshot-testing.git";
			requirement = {
				kind = upToNextMajorVersion;
				minimumVersion = 1.0.0;
			};
		};
		75C8B7F629DE942700493D9C /* XCRemoteSwiftPackageReference "Callable" */ = {
			isa = XCRemoteSwiftPackageReference;
			repositoryURL = "https://github.com/ElevatedUnderdogs/Callable.git";
			requirement = {
				branch = main;
				kind = branch;
			};
		};
		75C8B7FB29DF974400493D9C /* XCRemoteSwiftPackageReference "CommonExtensions" */ = {
			isa = XCRemoteSwiftPackageReference;
			repositoryURL = "https://github.com/ElevatedUnderdogs/CommonExtensions.git";
			requirement = {
				branch = main;
				kind = branch;
			};
		};
/* End XCRemoteSwiftPackageReference section */

/* Begin XCSwiftPackageProductDependency section */
		7546B0D629E7389600524F3C /* SnapshotTesting */ = {
			isa = XCSwiftPackageProductDependency;
			package = 7546B0D529E7389600524F3C /* XCRemoteSwiftPackageReference "swift-snapshot-testing" */;
			productName = SnapshotTesting;
		};
		75C8B7F729DE942700493D9C /* Callable */ = {
			isa = XCSwiftPackageProductDependency;
			package = 75C8B7F629DE942700493D9C /* XCRemoteSwiftPackageReference "Callable" */;
			productName = Callable;
		};
		75C8B7FC29DF974400493D9C /* CommonExtensions */ = {
			isa = XCSwiftPackageProductDependency;
			package = 75C8B7FB29DF974400493D9C /* XCRemoteSwiftPackageReference "CommonExtensions" */;
			productName = CommonExtensions;
		};
/* End XCSwiftPackageProductDependency section */

/* Begin XCVersionGroup section */
		75C0B1EF29DB947600D886CA /* Goal.xcdatamodeld */ = {
			isa = XCVersionGroup;
			children = (
				75C0B1F029DB947600D886CA /* Goal.xcdatamodel */,
			);
			currentVersion = 75C0B1F029DB947600D886CA /* Goal.xcdatamodel */;
			path = Goal.xcdatamodeld;
			sourceTree = "<group>";
			versionGroupType = wrapper.xcdatamodel;
		};
/* End XCVersionGroup section */
	};
	rootObject = 75C0B0F629D7EEA900D886CA /* Project object */;
}
